// !$*UTF8*$!
{
	archiveVersion = 1;
	classes = {
	};
	objectVersion = 46;
	objects = {

/* Begin PBXBuildFile section */
		C9A20CCB1C0B34950018AC85 /* main.m in Sources */ = {isa = PBXBuildFile; fileRef = C9A20CCA1C0B34950018AC85 /* main.m */; };
		C9A20CCE1C0B34950018AC85 /* AppDelegate.m in Sources */ = {isa = PBXBuildFile; fileRef = C9A20CCD1C0B34950018AC85 /* AppDelegate.m */; };
		C9A20CD11C0B34950018AC85 /* ViewController.m in Sources */ = {isa = PBXBuildFile; fileRef = C9A20CD01C0B34950018AC85 /* ViewController.m */; };
		C9A20CD41C0B34960018AC85 /* Main.storyboard in Resources */ = {isa = PBXBuildFile; fileRef = C9A20CD21C0B34960018AC85 /* Main.storyboard */; };
		C9A20CD61C0B34960018AC85 /* Assets.xcassets in Resources */ = {isa = PBXBuildFile; fileRef = C9A20CD51C0B34960018AC85 /* Assets.xcassets */; };
		C9A20CD91C0B34960018AC85 /* LaunchScreen.storyboard in Resources */ = {isa = PBXBuildFile; fileRef = C9A20CD71C0B34960018AC85 /* LaunchScreen.storyboard */; };
		C9A20CE11C0B5CEF0018AC85 /* emotion.gif in Resources */ = {isa = PBXBuildFile; fileRef = C9A20CE01C0B5CEF0018AC85 /* emotion.gif */; };
		C9A20CE31C0B784A0018AC85 /* test.jpg in Resources */ = {isa = PBXBuildFile; fileRef = C9A20CE21C0B784A0018AC85 /* test.jpg */; };
/* End PBXBuildFile section */

/* Begin PBXFileReference section */
		C9A20CC61C0B34950018AC85 /* TextKitDemo.app */ = {isa = PBXFileReference; explicitFileType = wrapper.application; includeInIndex = 0; path = TextKitDemo.app; sourceTree = BUILT_PRODUCTS_DIR; };
		C9A20CCA1C0B34950018AC85 /* main.m */ = {isa = PBXFileReference; lastKnownFileType = sourcecode.c.objc; path = main.m; sourceTree = "<group>"; };
		C9A20CCC1C0B34950018AC85 /* AppDelegate.h */ = {isa = PBXFileReference; lastKnownFileType = sourcecode.c.h; path = AppDelegate.h; sourceTree = "<group>"; };
		C9A20CCD1C0B34950018AC85 /* AppDelegate.m */ = {isa = PBXFileReference; lastKnownFileType = sourcecode.c.objc; path = AppDelegate.m; sourceTree = "<group>"; };
		C9A20CCF1C0B34950018AC85 /* ViewController.h */ = {isa = PBXFileReference; lastKnownFileType = sourcecode.c.h; path = ViewController.h; sourceTree = "<group>"; };
		C9A20CD01C0B34950018AC85 /* ViewController.m */ = {isa = PBXFileReference; lastKnownFileType = sourcecode.c.objc; path = ViewController.m; sourceTree = "<group>"; };
		C9A20CD31C0B34960018AC85 /* Base */ = {isa = PBXFileReference; lastKnownFileType = file.storyboard; name = Base; path = Base.lproj/Main.storyboard; sourceTree = "<group>"; };
		C9A20CD51C0B34960018AC85 /* Assets.xcassets */ = {isa = PBXFileReference; lastKnownFileType = folder.assetcatalog; path = Assets.xcassets; sourceTree = "<group>"; };
		C9A20CD81C0B34960018AC85 /* Base */ = {isa = PBXFileReference; lastKnownFileType = file.storyboard; name = Base; path = Base.lproj/LaunchScreen.storyboard; sourceTree = "<group>"; };
		C9A20CDA1C0B34960018AC85 /* Info.plist */ = {isa = PBXFileReference; lastKnownFileType = text.plist.xml; path = Info.plist; sourceTree = "<group>"; };
		C9A20CE01C0B5CEF0018AC85 /* emotion.gif */ = {isa = PBXFileReference; lastKnownFileType = image.gif; path = emotion.gif; sourceTree = "<group>"; };
		C9A20CE21C0B784A0018AC85 /* test.jpg */ = {isa = PBXFileReference; lastKnownFileType = image.jpeg; path = test.jpg; sourceTree = "<group>"; };
/* End PBXFileReference section */

/* Begin PBXFrameworksBuildPhase section */
		C9A20CC31C0B34950018AC85 /* Frameworks */ = {
			isa = PBXFrameworksBuildPhase;
			buildActionMask = 2147483647;
			files = (
			);
			runOnlyForDeploymentPostprocessing = 0;
		};
/* End PBXFrameworksBuildPhase section */

/* Begin PBXGroup section */
		C9A20CBD1C0B34940018AC85 = {
			isa = PBXGroup;
			children = (
				C9A20CC81C0B34950018AC85 /* TextKitDemo */,
				C9A20CC71C0B34950018AC85 /* Products */,
			);
			sourceTree = "<group>";
		};
		C9A20CC71C0B34950018AC85 /* Products */ = {
			isa = PBXGroup;
			children = (
				C9A20CC61C0B34950018AC85 /* TextKitDemo.app */,
			);
			name = Products;
			sourceTree = "<group>";
		};
		C9A20CC81C0B34950018AC85 /* TextKitDemo */ = {
			isa = PBXGroup;
			children = (
				C9A20CCC1C0B34950018AC85 /* AppDelegate.h */,
				C9A20CCD1C0B34950018AC85 /* AppDelegate.m */,
				C9A20CCF1C0B34950018AC85 /* ViewController.h */,
				C9A20CD01C0B34950018AC85 /* ViewController.m */,
				C9A20CD21C0B34960018AC85 /* Main.storyboard */,
				C9A20CE21C0B784A0018AC85 /* test.jpg */,
				C9A20CE01C0B5CEF0018AC85 /* emotion.gif */,
				C9A20CD51C0B34960018AC85 /* Assets.xcassets */,
				C9A20CD71C0B34960018AC85 /* LaunchScreen.storyboard */,
				C9A20CDA1C0B34960018AC85 /* Info.plist */,
				C9A20CC91C0B34950018AC85 /* Supporting Files */,
			);
			path = TextKitDemo;
			sourceTree = "<group>";
		};
		C9A20CC91C0B34950018AC85 /* Supporting Files */ = {
			isa = PBXGroup;
			children = (
				C9A20CCA1C0B34950018AC85 /* main.m */,
			);
			name = "Supporting Files";
			sourceTree = "<group>";
		};
/* End PBXGroup section */

/* Begin PBXNativeTarget section */
		C9A20CC51C0B34950018AC85 /* TextKitDemo */ = {
			isa = PBXNativeTarget;
			buildConfigurationList = C9A20CDD1C0B34960018AC85 /* Build configuration list for PBXNativeTarget "TextKitDemo" */;
			buildPhases = (
				C9A20CC21C0B34950018AC85 /* Sources */,
				C9A20CC31C0B34950018AC85 /* Frameworks */,
				C9A20CC41C0B34950018AC85 /* Resources */,
			);
			buildRules = (
			);
			dependencies = (
			);
			name = TextKitDemo;
			productName = TextKitDemo;
			productReference = C9A20CC61C0B34950018AC85 /* TextKitDemo.app */;
			productType = "com.apple.product-type.application";
		};
/* End PBXNativeTarget section */

/* Begin PBXProject section */
		C9A20CBE1C0B34940018AC85 /* Project object */ = {
			isa = PBXProject;
			attributes = {
				LastUpgradeCheck = 0710;
				ORGANIZATIONNAME = WeiFocus;
				TargetAttributes = {
					C9A20CC51C0B34950018AC85 = {
						CreatedOnToolsVersion = 7.1.1;
					};
				};
			};
			buildConfigurationList = C9A20CC11C0B34940018AC85 /* Build configuration list for PBXProject "TextKitDemo" */;
			compatibilityVersion = "Xcode 3.2";
			developmentRegion = English;
			hasScannedForEncodings = 0;
			knownRegions = (
				en,
				Base,
			);
			mainGroup = C9A20CBD1C0B34940018AC85;
			productRefGroup = C9A20CC71C0B34950018AC85 /* Products */;
			projectDirPath = "";
			projectRoot = "";
			targets = (
				C9A20CC51C0B34950018AC85 /* TextKitDemo */,
			);
		};
/* End PBXProject section */

/* Begin PBXResourcesBuildPhase section */
		C9A20CC41C0B34950018AC85 /* Resources */ = {
			isa = PBXResourcesBuildPhase;
			buildActionMask = 2147483647;
			files = (
				C9A20CD91C0B34960018AC85 /* LaunchScreen.storyboard in Resources */,
				C9A20CE31C0B784A0018AC85 /* test.jpg in Resources */,
				C9A20CD61C0B34960018AC85 /* Assets.xcassets in Resources */,
				C9A20CE11C0B5CEF0018AC85 /* emotion.gif in Resources */,
				C9A20CD41C0B34960018AC85 /* Main.storyboard in Resources */,
			);
			runOnlyForDeploymentPostprocessing = 0;
		};
/* End PBXResourcesBuildPhase section */

/* Begin PBXSourcesBuildPhase section */
		C9A20CC21C0B34950018AC85 /* Sources */ = {
			isa = PBXSourcesBuildPhase;
			buildActionMask = 2147483647;
			files = (
				C9A20CD11C0B34950018AC85 /* ViewController.m in Sources */,
				C9A20CCE1C0B34950018AC85 /* AppDelegate.m in Sources */,
				C9A20CCB1C0B34950018AC85 /* main.m in Sources */,
			);
			runOnlyForDeploymentPostprocessing = 0;
		};
/* End PBXSourcesBuildPhase section */

/* Begin PBXVariantGroup section */
		C9A20CD21C0B34960018AC85 /* Main.storyboard */ = {
			isa = PBXVariantGroup;
			children = (
				C9A20CD31C0B34960018AC85 /* Base */,
			);
			name = Main.storyboard;
			sourceTree = "<group>";
		};
		C9A20CD71C0B34960018AC85 /* LaunchScreen.storyboard */ = {
			isa = PBXVariantGroup;
			children = (
				C9A20CD81C0B34960018AC85 /* Base */,
			);
			name = LaunchScreen.storyboard;
			sourceTree = "<group>";
		};
/* End PBXVariantGroup section */

/* Begin XCBuildConfiguration section */
		C9A20CDB1C0B34960018AC85 /* Debug */ = {
			isa = XCBuildConfiguration;
			buildSettings = {
				ALWAYS_SEARCH_USER_PATHS = NO;
				CLANG_CXX_LANGUAGE_STANDARD = "gnu++0x";
				CLANG_CXX_LIBRARY = "libc++";
				CLANG_ENABLE_MODULES = YES;
				CLANG_ENABLE_OBJC_ARC = YES;
				CLANG_WARN_BOOL_CONVERSION = YES;
				CLANG_WARN_CONSTANT_CONVERSION = YES;
				CLANG_WARN_DIRECT_OBJC_ISA_USAGE = YES_ERROR;
				CLANG_WARN_EMPTY_BODY = YES;
				CLANG_WARN_ENUM_CONVERSION = YES;
				CLANG_WARN_INT_CONVERSION = YES;
				CLANG_WARN_OBJC_ROOT_CLASS = YES_ERROR;
				CLANG_WARN_UNREACHABLE_CODE = YES;
				CLANG_WARN__DUPLICATE_METHOD_MATCH = YES;
				"CODE_SIGN_IDENTITY[sdk=iphoneos*]" = "iPhone Developer";
				COPY_PHASE_STRIP = NO;
				DEBUG_INFORMATION_FORMAT = dwarf;
				ENABLE_STRICT_OBJC_MSGSEND = YES;
				ENABLE_TESTABILITY = YES;
				GCC_C_LANGUAGE_STANDARD = gnu99;
				GCC_DYNAMIC_NO_PIC = NO;
				GCC_NO_COMMON_BLOCKS = YES;
				GCC_OPTIMIZATION_LEVEL = 0;
				GCC_PREPROCESSOR_DEFINITIONS = (
					"DEBUG=1",
					"$(inherited)",
				);
				GCC_WARN_64_TO_32_BIT_CONVERSION = YES;
				GCC_WARN_ABOUT_RETURN_TYPE = YES_ERROR;
				GCC_WARN_UNDECLARED_SELECTOR = YES;
				GCC_WARN_UNINITIALIZED_AUTOS = YES_AGGRESSIVE;
				GCC_WARN_UNUSED_FUNCTION = YES;
				GCC_WARN_UNUSED_VARIABLE = YES;
				IPHONEOS_DEPLOYMENT_TARGET = 9.1;
				MTL_ENABLE_DEBUG_INFO = YES;
				ONLY_ACTIVE_ARCH = YES;
				SDKROOT = iphoneos;
			};
			name = Debug;
		};
		C9A20CDC1C0B34960018AC85 /* Release */ = {
			isa = XCBuildConfiguration;
			buildSettings = {
				ALWAYS_SEARCH_USER_PATHS = NO;
				CLANG_CXX_LANGUAGE_STANDARD = "gnu++0x";
				CLANG_CXX_LIBRARY = "libc++";
				CLANG_ENABLE_MODULES = YES;
				CLANG_ENABLE_OBJC_ARC = YES;
				CLANG_WARN_BOOL_CONVERSION = YES;
				CLANG_WARN_CONSTANT_CONVERSION = YES;
				CLANG_WARN_DIRECT_OBJC_ISA_USAGE = YES_ERROR;
				CLANG_WARN_EMPTY_BODY = YES;
				CLANG_WARN_ENUM_CONVERSION = YES;
				CLANG_WARN_INT_CONVERSION = YES;
				CLANG_WARN_OBJC_ROOT_CLASS = YES_ERROR;
				CLANG_WARN_UNREACHABLE_CODE = YES;
				CLANG_WARN__DUPLICATE_METHOD_MATCH = YES;
				"CODE_SIGN_IDENTITY[sdk=iphoneos*]" = "iPhone Developer";
				COPY_PHASE_STRIP = NO;
				DEBUG_INFORMATION_FORMAT = "dwarf-with-dsym";
				ENABLE_NS_ASSERTIONS = NO;
				ENABLE_STRICT_OBJC_MSGSEND = YES;
				GCC_C_LANGUAGE_STANDARD = gnu99;
				GCC_NO_COMMON_BLOCKS = YES;
				GCC_WARN_64_TO_32_BIT_CONVERSION = YES;
				GCC_WARN_ABOUT_RETURN_TYPE = YES_ERROR;
				GCC_WARN_UNDECLARED_SELECTOR = YES;
				GCC_WARN_UNINITIALIZED_AUTOS = YES_AGGRESSIVE;
				GCC_WARN_UNUSED_FUNCTION = YES;
				GCC_WARN_UNUSED_VARIABLE = YES;
				IPHONEOS_DEPLOYMENT_TARGET = 9.1;
				MTL_ENABLE_DEBUG_INFO = NO;
				SDKROOT = iphoneos;
				VALIDATE_PRODUCT = YES;
			};
			name = Release;
		};
		C9A20CDE1C0B34960018AC85 /* Debug */ = {
			isa = XCBuildConfiguration;
			buildSettings = {
				ASSETCATALOG_COMPILER_APPICON_NAME = AppIcon;
				INFOPLIST_FILE = TextKitDemo/Info.plist;
				LD_RUNPATH_SEARCH_PATHS = "$(inherited) @executable_path/Frameworks";
				PRODUCT_BUNDLE_IDENTIFIER = com.dong28.TextKitDemo;
				PRODUCT_NAME = "$(TARGET_NAME)";
			};
			name = Debug;
		};
		C9A20CDF1C0B34960018AC85 /* Release */ = {
			isa = XCBuildConfiguration;
			buildSettings = {
				ASSETCATALOG_COMPILER_APPICON_NAME = AppIcon;
				INFOPLIST_FILE = TextKitDemo/Info.plist;
				LD_RUNPATH_SEARCH_PATHS = "$(inherited) @executable_path/Frameworks";
				PRODUCT_BUNDLE_IDENTIFIER = com.dong28.TextKitDemo;
				PRODUCT_NAME = "$(TARGET_NAME)";
			};
			name = Release;
		};
/* End XCBuildConfiguration section */

/* Begin XCConfigurationList section */
		C9A20CC11C0B34940018AC85 /* Build configuration list for PBXProject "TextKitDemo" */ = {
			isa = XCConfigurationList;
			buildConfigurations = (
				C9A20CDB1C0B34960018AC85 /* Debug */,
				C9A20CDC1C0B34960018AC85 /* Release */,
			);
			defaultConfigurationIsVisible = 0;
			defaultConfigurationName = Release;
		};
		C9A20CDD1C0B34960018AC85 /* Build configuration list for PBXNativeTarget "TextKitDemo" */ = {
			isa = XCConfigurationList;
			buildConfigurations = (
				C9A20CDE1C0B34960018AC85 /* Debug */,
				C9A20CDF1C0B34960018AC85 /* Release */,
			);
			defaultConfigurationIsVisible = 0;
		};
/* End XCConfigurationList section */
	};
	rootObject = C9A20CBE1C0B34940018AC85 /* Project object */;
}
